// !$*UTF8*$!
{
	archiveVersion = 1;
	classes = {
	};
	objectVersion = 50;
	objects = {

/* Begin PBXBuildFile section */
		DAEEBB4B20DCED14000F57A8 /* AppDelegate.swift in Sources */ = {isa = PBXBuildFile; fileRef = DAEEBB4A20DCED14000F57A8 /* AppDelegate.swift */; };
		DAEEBB4D20DCED14000F57A8 /* ViewController.swift in Sources */ = {isa = PBXBuildFile; fileRef = DAEEBB4C20DCED14000F57A8 /* ViewController.swift */; };
		DAEEBB5020DCED14000F57A8 /* Main.storyboard in Resources */ = {isa = PBXBuildFile; fileRef = DAEEBB4E20DCED14000F57A8 /* Main.storyboard */; };
		DAEEBB5220DCED1D000F57A8 /* Assets.xcassets in Resources */ = {isa = PBXBuildFile; fileRef = DAEEBB5120DCED1D000F57A8 /* Assets.xcassets */; };
		DAEEBB5520DCED1D000F57A8 /* LaunchScreen.storyboard in Resources */ = {isa = PBXBuildFile; fileRef = DAEEBB5320DCED1D000F57A8 /* LaunchScreen.storyboard */; };
		DAEEBB6020DCED1E000F57A8 /* TestingTests.swift in Sources */ = {isa = PBXBuildFile; fileRef = DAEEBB5F20DCED1E000F57A8 /* TestingTests.swift */; };
		DAEEBB6B20DCED1E000F57A8 /* TestingUITests.swift in Sources */ = {isa = PBXBuildFile; fileRef = DAEEBB6A20DCED1E000F57A8 /* TestingUITests.swift */; };
/* End PBXBuildFile section */

/* Begin PBXContainerItemProxy section */
		DAEEBB5C20DCED1E000F57A8 /* PBXContainerItemProxy */ = {
			isa = PBXContainerItemProxy;
			containerPortal = DAEEBB3F20DCED14000F57A8 /* Project object */;
			proxyType = 1;
			remoteGlobalIDString = DAEEBB4620DCED14000F57A8;
			remoteInfo = Testing;
		};
		DAEEBB6720DCED1E000F57A8 /* PBXContainerItemProxy */ = {
			isa = PBXContainerItemProxy;
			containerPortal = DAEEBB3F20DCED14000F57A8 /* Project object */;
			proxyType = 1;
			remoteGlobalIDString = DAEEBB4620DCED14000F57A8;
			remoteInfo = Testing;
		};
/* End PBXContainerItemProxy section */

/* Begin PBXFileReference section */
		DAEEBB4720DCED14000F57A8 /* Testing.app */ = {isa = PBXFileReference; explicitFileType = wrapper.application; includeInIndex = 0; path = Testing.app; sourceTree = BUILT_PRODUCTS_DIR; };
		DAEEBB4A20DCED14000F57A8 /* AppDelegate.swift */ = {isa = PBXFileReference; lastKnownFileType = sourcecode.swift; path = AppDelegate.swift; sourceTree = "<group>"; };
		DAEEBB4C20DCED14000F57A8 /* ViewController.swift */ = {isa = PBXFileReference; lastKnownFileType = sourcecode.swift; path = ViewController.swift; sourceTree = "<group>"; };
		DAEEBB4F20DCED14000F57A8 /* Base */ = {isa = PBXFileReference; lastKnownFileType = file.storyboard; name = Base; path = Base.lproj/Main.storyboard; sourceTree = "<group>"; };
		DAEEBB5120DCED1D000F57A8 /* Assets.xcassets */ = {isa = PBXFileReference; lastKnownFileType = folder.assetcatalog; path = Assets.xcassets; sourceTree = "<group>"; };
		DAEEBB5420DCED1D000F57A8 /* Base */ = {isa = PBXFileReference; lastKnownFileType = file.storyboard; name = Base; path = Base.lproj/LaunchScreen.storyboard; sourceTree = "<group>"; };
		DAEEBB5620DCED1D000F57A8 /* Info.plist */ = {isa = PBXFileReference; lastKnownFileType = text.plist.xml; path = Info.plist; sourceTree = "<group>"; };
		DAEEBB5B20DCED1E000F57A8 /* TestingTests.xctest */ = {isa = PBXFileReference; explicitFileType = wrapper.cfbundle; includeInIndex = 0; path = TestingTests.xctest; sourceTree = BUILT_PRODUCTS_DIR; };
		DAEEBB5F20DCED1E000F57A8 /* TestingTests.swift */ = {isa = PBXFileReference; lastKnownFileType = sourcecode.swift; path = TestingTests.swift; sourceTree = "<group>"; };
		DAEEBB6120DCED1E000F57A8 /* Info.plist */ = {isa = PBXFileReference; lastKnownFileType = text.plist.xml; path = Info.plist; sourceTree = "<group>"; };
		DAEEBB6620DCED1E000F57A8 /* TestingUITests.xctest */ = {isa = PBXFileReference; explicitFileType = wrapper.cfbundle; includeInIndex = 0; path = TestingUITests.xctest; sourceTree = BUILT_PRODUCTS_DIR; };
		DAEEBB6A20DCED1E000F57A8 /* TestingUITests.swift */ = {isa = PBXFileReference; lastKnownFileType = sourcecode.swift; path = TestingUITests.swift; sourceTree = "<group>"; };
		DAEEBB6C20DCED1E000F57A8 /* Info.plist */ = {isa = PBXFileReference; lastKnownFileType = text.plist.xml; path = Info.plist; sourceTree = "<group>"; };
/* End PBXFileReference section */

/* Begin PBXFrameworksBuildPhase section */
		DAEEBB4420DCED14000F57A8 /* Frameworks */ = {
			isa = PBXFrameworksBuildPhase;
			buildActionMask = 2147483647;
			files = (
			);
			runOnlyForDeploymentPostprocessing = 0;
		};
		DAEEBB5820DCED1E000F57A8 /* Frameworks */ = {
			isa = PBXFrameworksBuildPhase;
			buildActionMask = 2147483647;
			files = (
			);
			runOnlyForDeploymentPostprocessing = 0;
		};
		DAEEBB6320DCED1E000F57A8 /* Frameworks */ = {
			isa = PBXFrameworksBuildPhase;
			buildActionMask = 2147483647;
			files = (
			);
			runOnlyForDeploymentPostprocessing = 0;
		};
/* End PBXFrameworksBuildPhase section */

/* Begin PBXGroup section */
		DAEEBB3E20DCED14000F57A8 = {
			isa = PBXGroup;
			children = (
				DAEEBB4920DCED14000F57A8 /* Testing */,
				DAEEBB5E20DCED1E000F57A8 /* TestingTests */,
				DAEEBB6920DCED1E000F57A8 /* TestingUITests */,
				DAEEBB4820DCED14000F57A8 /* Products */,
			);
			sourceTree = "<group>";
		};
		DAEEBB4820DCED14000F57A8 /* Products */ = {
			isa = PBXGroup;
			children = (
				DAEEBB4720DCED14000F57A8 /* Testing.app */,
				DAEEBB5B20DCED1E000F57A8 /* TestingTests.xctest */,
				DAEEBB6620DCED1E000F57A8 /* TestingUITests.xctest */,
			);
			name = Products;
			sourceTree = "<group>";
		};
		DAEEBB4920DCED14000F57A8 /* Testing */ = {
			isa = PBXGroup;
			children = (
				DAEEBB4A20DCED14000F57A8 /* AppDelegate.swift */,
				DAEEBB4C20DCED14000F57A8 /* ViewController.swift */,
				DAEEBB4E20DCED14000F57A8 /* Main.storyboard */,
				DAEEBB5120DCED1D000F57A8 /* Assets.xcassets */,
				DAEEBB5320DCED1D000F57A8 /* LaunchScreen.storyboard */,
				DAEEBB5620DCED1D000F57A8 /* Info.plist */,
			);
			path = Testing;
			sourceTree = "<group>";
		};
		DAEEBB5E20DCED1E000F57A8 /* TestingTests */ = {
			isa = PBXGroup;
			children = (
				DAEEBB5F20DCED1E000F57A8 /* TestingTests.swift */,
				DAEEBB6120DCED1E000F57A8 /* Info.plist */,
			);
			path = TestingTests;
			sourceTree = "<group>";
		};
		DAEEBB6920DCED1E000F57A8 /* TestingUITests */ = {
			isa = PBXGroup;
			children = (
				DAEEBB6A20DCED1E000F57A8 /* TestingUITests.swift */,
				DAEEBB6C20DCED1E000F57A8 /* Info.plist */,
			);
			path = TestingUITests;
			sourceTree = "<group>";
		};
/* End PBXGroup section */

/* Begin PBXNativeTarget section */
		DAEEBB4620DCED14000F57A8 /* Testing */ = {
			isa = PBXNativeTarget;
			buildConfigurationList = DAEEBB6F20DCED1E000F57A8 /* Build configuration list for PBXNativeTarget "Testing" */;
			buildPhases = (
				DAEEBB4320DCED14000F57A8 /* Sources */,
				DAEEBB4420DCED14000F57A8 /* Frameworks */,
				DAEEBB4520DCED14000F57A8 /* Resources */,
			);
			buildRules = (
			);
			dependencies = (
			);
			name = Testing;
			productName = Testing;
			productReference = DAEEBB4720DCED14000F57A8 /* Testing.app */;
			productType = "com.apple.product-type.application";
		};
		DAEEBB5A20DCED1E000F57A8 /* TestingTests */ = {
			isa = PBXNativeTarget;
			buildConfigurationList = DAEEBB7220DCED1E000F57A8 /* Build configuration list for PBXNativeTarget "TestingTests" */;
			buildPhases = (
				DAEEBB5720DCED1E000F57A8 /* Sources */,
				DAEEBB5820DCED1E000F57A8 /* Frameworks */,
				DAEEBB5920DCED1E000F57A8 /* Resources */,
			);
			buildRules = (
			);
			dependencies = (
				DAEEBB5D20DCED1E000F57A8 /* PBXTargetDependency */,
			);
			name = TestingTests;
			productName = TestingTests;
			productReference = DAEEBB5B20DCED1E000F57A8 /* TestingTests.xctest */;
			productType = "com.apple.product-type.bundle.unit-test";
		};
		DAEEBB6520DCED1E000F57A8 /* TestingUITests */ = {
			isa = PBXNativeTarget;
			buildConfigurationList = DAEEBB7520DCED1E000F57A8 /* Build configuration list for PBXNativeTarget "TestingUITests" */;
			buildPhases = (
				DAEEBB6220DCED1E000F57A8 /* Sources */,
				DAEEBB6320DCED1E000F57A8 /* Frameworks */,
				DAEEBB6420DCED1E000F57A8 /* Resources */,
			);
			buildRules = (
			);
			dependencies = (
				DAEEBB6820DCED1E000F57A8 /* PBXTargetDependency */,
			);
			name = TestingUITests;
			productName = TestingUITests;
			productReference = DAEEBB6620DCED1E000F57A8 /* TestingUITests.xctest */;
			productType = "com.apple.product-type.bundle.ui-testing";
		};
/* End PBXNativeTarget section */

/* Begin PBXProject section */
		DAEEBB3F20DCED14000F57A8 /* Project object */ = {
			isa = PBXProject;
			attributes = {
				LastSwiftUpdateCheck = 0940;
				LastUpgradeCheck = 0940;
				ORGANIZATIONNAME = Emilence;
				TargetAttributes = {
					DAEEBB4620DCED14000F57A8 = {
						CreatedOnToolsVersion = 9.4;
					};
					DAEEBB5A20DCED1E000F57A8 = {
						CreatedOnToolsVersion = 9.4;
						TestTargetID = DAEEBB4620DCED14000F57A8;
					};
					DAEEBB6520DCED1E000F57A8 = {
						CreatedOnToolsVersion = 9.4;
						TestTargetID = DAEEBB4620DCED14000F57A8;
					};
				};
			};
			buildConfigurationList = DAEEBB4220DCED14000F57A8 /* Build configuration list for PBXProject "Testing" */;
			compatibilityVersion = "Xcode 9.3";
			developmentRegion = en;
			hasScannedForEncodings = 0;
			knownRegions = (
				en,
				Base,
			);
			mainGroup = DAEEBB3E20DCED14000F57A8;
			productRefGroup = DAEEBB4820DCED14000F57A8 /* Products */;
			projectDirPath = "";
			projectRoot = "";
			targets = (
				DAEEBB4620DCED14000F57A8 /* Testing */,
				DAEEBB5A20DCED1E000F57A8 /* TestingTests */,
				DAEEBB6520DCED1E000F57A8 /* TestingUITests */,
			);
		};
/* End PBXProject section */

/* Begin PBXResourcesBuildPhase section */
		DAEEBB4520DCED14000F57A8 /* Resources */ = {
			isa = PBXResourcesBuildPhase;
			buildActionMask = 2147483647;
			files = (
				DAEEBB5520DCED1D000F57A8 /* LaunchScreen.storyboard in Resources */,
				DAEEBB5220DCED1D000F57A8 /* Assets.xcassets in Resources */,
				DAEEBB5020DCED14000F57A8 /* Main.storyboard in Resources */,
			);
			runOnlyForDeploymentPostprocessing = 0;
		};
		DAEEBB5920DCED1E000F57A8 /* Resources */ = {
			isa = PBXResourcesBuildPhase;
			buildActionMask = 2147483647;
			files = (
			);
			runOnlyForDeploymentPostprocessing = 0;
		};
		DAEEBB6420DCED1E000F57A8 /* Resources */ = {
			isa = PBXResourcesBuildPhase;
			buildActionMask = 2147483647;
			files = (
			);
			runOnlyForDeploymentPostprocessing = 0;
		};
/* End PBXResourcesBuildPhase section */

/* Begin PBXSourcesBuildPhase section */
		DAEEBB4320DCED14000F57A8 /* Sources */ = {
			isa = PBXSourcesBuildPhase;
			buildActionMask = 2147483647;
			files = (
				DAEEBB4D20DCED14000F57A8 /* ViewController.swift in Sources */,
				DAEEBB4B20DCED14000F57A8 /* AppDelegate.swift in Sources */,
			);
			runOnlyForDeploymentPostprocessing = 0;
		};
		DAEEBB5720DCED1E000F57A8 /* Sources */ = {
			isa = PBXSourcesBuildPhase;
			buildActionMask = 2147483647;
			files = (
				DAEEBB6020DCED1E000F57A8 /* TestingTests.swift in Sources */,
			);
			runOnlyForDeploymentPostprocessing = 0;
		};
		DAEEBB6220DCED1E000F57A8 /* Sources */ = {
			isa = PBXSourcesBuildPhase;
			buildActionMask = 2147483647;
			files = (
				DAEEBB6B20DCED1E000F57A8 /* TestingUITests.swift in Sources */,
			);
			runOnlyForDeploymentPostprocessing = 0;
		};
/* End PBXSourcesBuildPhase section */

/* Begin PBXTargetDependency section */
		DAEEBB5D20DCED1E000F57A8 /* PBXTargetDependency */ = {
			isa = PBXTargetDependency;
			target = DAEEBB4620DCED14000F57A8 /* Testing */;
			targetProxy = DAEEBB5C20DCED1E000F57A8 /* PBXContainerItemProxy */;
		};
		DAEEBB6820DCED1E000F57A8 /* PBXTargetDependency */ = {
			isa = PBXTargetDependency;
			target = DAEEBB4620DCED14000F57A8 /* Testing */;
			targetProxy = DAEEBB6720DCED1E000F57A8 /* PBXContainerItemProxy */;
		};
/* End PBXTargetDependency section */

/* Begin PBXVariantGroup section */
		DAEEBB4E20DCED14000F57A8 /* Main.storyboard */ = {
			isa = PBXVariantGroup;
			children = (
				DAEEBB4F20DCED14000F57A8 /* Base */,
			);
			name = Main.storyboard;
			sourceTree = "<group>";
		};
		DAEEBB5320DCED1D000F57A8 /* LaunchScreen.storyboard */ = {
			isa = PBXVariantGroup;
			children = (
				DAEEBB5420DCED1D000F57A8 /* Base */,
			);
			name = LaunchScreen.storyboard;
			sourceTree = "<group>";
		};
/* End PBXVariantGroup section */

/* Begin XCBuildConfiguration section */
		DAEEBB6D20DCED1E000F57A8 /* Debug */ = {
			isa = XCBuildConfiguration;
			buildSettings = {
				ALWAYS_SEARCH_USER_PATHS = NO;
				CLANG_ANALYZER_NONNULL = YES;
				CLANG_ANALYZER_NUMBER_OBJECT_CONVERSION = YES_AGGRESSIVE;
				CLANG_CXX_LANGUAGE_STANDARD = "gnu++14";
				CLANG_CXX_LIBRARY = "libc++";
				CLANG_ENABLE_MODULES = YES;
				CLANG_ENABLE_OBJC_ARC = YES;
				CLANG_ENABLE_OBJC_WEAK = YES;
				CLANG_WARN_BLOCK_CAPTURE_AUTORELEASING = YES;
				CLANG_WARN_BOOL_CONVERSION = YES;
				CLANG_WARN_COMMA = YES;
				CLANG_WARN_CONSTANT_CONVERSION = YES;
				CLANG_WARN_DEPRECATED_OBJC_IMPLEMENTATIONS = YES;
				CLANG_WARN_DIRECT_OBJC_ISA_USAGE = YES_ERROR;
				CLANG_WARN_DOCUMENTATION_COMMENTS = YES;
				CLANG_WARN_EMPTY_BODY = YES;
				CLANG_WARN_ENUM_CONVERSION = YES;
				CLANG_WARN_INFINITE_RECURSION = YES;
				CLANG_WARN_INT_CONVERSION = YES;
				CLANG_WARN_NON_LITERAL_NULL_CONVERSION = YES;
				CLANG_WARN_OBJC_IMPLICIT_RETAIN_SELF = YES;
				CLANG_WARN_OBJC_LITERAL_CONVERSION = YES;
				CLANG_WARN_OBJC_ROOT_CLASS = YES_ERROR;
				CLANG_WARN_RANGE_LOOP_ANALYSIS = YES;
				CLANG_WARN_STRICT_PROTOTYPES = YES;
				CLANG_WARN_SUSPICIOUS_MOVE = YES;
				CLANG_WARN_UNGUARDED_AVAILABILITY = YES_AGGRESSIVE;
				CLANG_WARN_UNREACHABLE_CODE = YES;
				CLANG_WARN__DUPLICATE_METHOD_MATCH = YES;
				CODE_SIGN_IDENTITY = "iPhone Developer";
				COPY_PHASE_STRIP = NO;
				DEBUG_INFORMATION_FORMAT = dwarf;
				ENABLE_STRICT_OBJC_MSGSEND = YES;
				ENABLE_TESTABILITY = YES;
				GCC_C_LANGUAGE_STANDARD = gnu11;
				GCC_DYNAMIC_NO_PIC = NO;
				GCC_NO_COMMON_BLOCKS = YES;
				GCC_OPTIMIZATION_LEVEL = 0;
				GCC_PREPROCESSOR_DEFINITIONS = (
					"DEBUG=1",
					"$(inherited)",
				);
				GCC_WARN_64_TO_32_BIT_CONVERSION = YES;
				GCC_WARN_ABOUT_RETURN_TYPE = YES_ERROR;
				GCC_WARN_UNDECLARED_SELECTOR = YES;
				GCC_WARN_UNINITIALIZED_AUTOS = YES_AGGRESSIVE;
				GCC_WARN_UNUSED_FUNCTION = YES;
				GCC_WARN_UNUSED_VARIABLE = YES;
				IPHONEOS_DEPLOYMENT_TARGET = 11.4;
				MTL_ENABLE_DEBUG_INFO = YES;
				ONLY_ACTIVE_ARCH = YES;
				SDKROOT = iphoneos;
				SWIFT_ACTIVE_COMPILATION_CONDITIONS = DEBUG;
				SWIFT_OPTIMIZATION_LEVEL = "-Onone";
			};
			name = Debug;
		};
		DAEEBB6E20DCED1E000F57A8 /* Release */ = {
			isa = XCBuildConfiguration;
			buildSettings = {
				ALWAYS_SEARCH_USER_PATHS = NO;
				CLANG_ANALYZER_NONNULL = YES;
				CLANG_ANALYZER_NUMBER_OBJECT_CONVERSION = YES_AGGRESSIVE;
				CLANG_CXX_LANGUAGE_STANDARD = "gnu++14";
				CLANG_CXX_LIBRARY = "libc++";
				CLANG_ENABLE_MODULES = YES;
				CLANG_ENABLE_OBJC_ARC = YES;
				CLANG_ENABLE_OBJC_WEAK = YES;
				CLANG_WARN_BLOCK_CAPTURE_AUTORELEASING = YES;
				CLANG_WARN_BOOL_CONVERSION = YES;
				CLANG_WARN_COMMA = YES;
				CLANG_WARN_CONSTANT_CONVERSION = YES;
				CLANG_WARN_DEPRECATED_OBJC_IMPLEMENTATIONS = YES;
				CLANG_WARN_DIRECT_OBJC_ISA_USAGE = YES_ERROR;
				CLANG_WARN_DOCUMENTATION_COMMENTS = YES;
				CLANG_WARN_EMPTY_BODY = YES;
				CLANG_WARN_ENUM_CONVERSION = YES;
				CLANG_WARN_INFINITE_RECURSION = YES;
				CLANG_WARN_INT_CONVERSION = YES;
				CLANG_WARN_NON_LITERAL_NULL_CONVERSION = YES;
				CLANG_WARN_OBJC_IMPLICIT_RETAIN_SELF = YES;
				CLANG_WARN_OBJC_LITERAL_CONVERSION = YES;
				CLANG_WARN_OBJC_ROOT_CLASS = YES_ERROR;
				CLANG_WARN_RANGE_LOOP_ANALYSIS = YES;
				CLANG_WARN_STRICT_PROTOTYPES = YES;
				CLANG_WARN_SUSPICIOUS_MOVE = YES;
				CLANG_WARN_UNGUARDED_AVAILABILITY = YES_AGGRESSIVE;
				CLANG_WARN_UNREACHABLE_CODE = YES;
				CLANG_WARN__DUPLICATE_METHOD_MATCH = YES;
				CODE_SIGN_IDENTITY = "iPhone Developer";
				COPY_PHASE_STRIP = NO;
				DEBUG_INFORMATION_FORMAT = "dwarf-with-dsym";
				ENABLE_NS_ASSERTIONS = NO;
				ENABLE_STRICT_OBJC_MSGSEND = YES;
				GCC_C_LANGUAGE_STANDARD = gnu11;
				GCC_NO_COMMON_BLOCKS = YES;
				GCC_WARN_64_TO_32_BIT_CONVERSION = YES;
				GCC_WARN_ABOUT_RETURN_TYPE = YES_ERROR;
				GCC_WARN_UNDECLARED_SELECTOR = YES;
				GCC_WARN_UNINITIALIZED_AUTOS = YES_AGGRESSIVE;
				GCC_WARN_UNUSED_FUNCTION = YES;
				GCC_WARN_UNUSED_VARIABLE = YES;
				IPHONEOS_DEPLOYMENT_TARGET = 11.4;
				MTL_ENABLE_DEBUG_INFO = NO;
				SDKROOT = iphoneos;
				SWIFT_COMPILATION_MODE = wholemodule;
				SWIFT_OPTIMIZATION_LEVEL = "-O";
				VALIDATE_PRODUCT = YES;
			};
			name = Release;
		};
		DAEEBB7020DCED1E000F57A8 /* Debug */ = {
			isa = XCBuildConfiguration;
			buildSettings = {
				ASSETCATALOG_COMPILER_APPICON_NAME = AppIcon;
				CODE_SIGN_STYLE = Automatic;
				INFOPLIST_FILE = Testing/Info.plist;
				LD_RUNPATH_SEARCH_PATHS = (
					"$(inherited)",
					"@executable_path/Frameworks",
				);
				PRODUCT_BUNDLE_IDENTIFIER = d.Testing;
				PRODUCT_NAME = "$(TARGET_NAME)";
				SWIFT_VERSION = 4.0;
				TARGETED_DEVICE_FAMILY = "1,2";
			};
			name = Debug;
		};
		DAEEBB7120DCED1E000F57A8 /* Release */ = {
			isa = XCBuildConfiguration;
			buildSettings = {
				ASSETCATALOG_COMPILER_APPICON_NAME = AppIcon;
				CODE_SIGN_STYLE = Automatic;
				INFOPLIST_FILE = Testing/Info.plist;
				LD_RUNPATH_SEARCH_PATHS = (
					"$(inherited)",
					"@executable_path/Frameworks",
				);
				PRODUCT_BUNDLE_IDENTIFIER = d.Testing;
				PRODUCT_NAME = "$(TARGET_NAME)";
				SWIFT_VERSION = 4.0;
				TARGETED_DEVICE_FAMILY = "1,2";
			};
			name = Release;
		};
		DAEEBB7320DCED1E000F57A8 /* Debug */ = {
			isa = XCBuildConfiguration;
			buildSettings = {
				ALWAYS_EMBED_SWIFT_STANDARD_LIBRARIES = YES;
				BUNDLE_LOADER = "$(TEST_HOST)";
				CODE_SIGN_STYLE = Automatic;
				INFOPLIST_FILE = TestingTests/Info.plist;
				LD_RUNPATH_SEARCH_PATHS = (
					"$(inherited)",
					"@executable_path/Frameworks",
					"@loader_path/Frameworks",
				);
				PRODUCT_BUNDLE_IDENTIFIER = d.TestingTests;
				PRODUCT_NAME = "$(TARGET_NAME)";
				SWIFT_VERSION = 4.0;
				TARGETED_DEVICE_FAMILY = "1,2";
				TEST_HOST = "$(BUILT_PRODUCTS_DIR)/Testing.app/Testing";
			};
			name = Debug;
		};
		DAEEBB7420DCED1E000F57A8 /* Release */ = {
			isa = XCBuildConfiguration;
			buildSettings = {
				ALWAYS_EMBED_SWIFT_STANDARD_LIBRARIES = YES;
				BUNDLE_LOADER = "$(TEST_HOST)";
				CODE_SIGN_STYLE = Automatic;
				INFOPLIST_FILE = TestingTests/Info.plist;
				LD_RUNPATH_SEARCH_PATHS = (
					"$(inherited)",
					"@executable_path/Frameworks",
					"@loader_path/Frameworks",
				);
				PRODUCT_BUNDLE_IDENTIFIER = d.TestingTests;
				PRODUCT_NAME = "$(TARGET_NAME)";
				SWIFT_VERSION = 4.0;
				TARGETED_DEVICE_FAMILY = "1,2";
				TEST_HOST = "$(BUILT_PRODUCTS_DIR)/Testing.app/Testing";
			};
			name = Release;
		};
		DAEEBB7620DCED1E000F57A8 /* Debug */ = {
			isa = XCBuildConfiguration;
			buildSettings = {
				ALWAYS_EMBED_SWIFT_STANDARD_LIBRARIES = YES;
				CODE_SIGN_STYLE = Automatic;
				INFOPLIST_FILE = TestingUITests/Info.plist;
				LD_RUNPATH_SEARCH_PATHS = (
					"$(inherited)",
					"@executable_path/Frameworks",
					"@loader_path/Frameworks",
				);
				PRODUCT_BUNDLE_IDENTIFIER = d.TestingUITests;
				PRODUCT_NAME = "$(TARGET_NAME)";
				SWIFT_VERSION = 4.0;
				TARGETED_DEVICE_FAMILY = "1,2";
				TEST_TARGET_NAME = Testing;
			};
			name = Debug;
		};
		DAEEBB7720DCED1E000F57A8 /* Release */ = {
			isa = XCBuildConfiguration;
			buildSettings = {
				ALWAYS_EMBED_SWIFT_STANDARD_LIBRARIES = YES;
				CODE_SIGN_STYLE = Automatic;
				INFOPLIST_FILE = TestingUITests/Info.plist;
				LD_RUNPATH_SEARCH_PATHS = (
					"$(inherited)",
					"@executable_path/Frameworks",
					"@loader_path/Frameworks",
				);
				PRODUCT_BUNDLE_IDENTIFIER = d.TestingUITests;
				PRODUCT_NAME = "$(TARGET_NAME)";
				SWIFT_VERSION = 4.0;
				TARGETED_DEVICE_FAMILY = "1,2";
				TEST_TARGET_NAME = Testing;
			};
			name = Release;
		};
/* End XCBuildConfiguration section */

/* Begin XCConfigurationList section */
		DAEEBB4220DCED14000F57A8 /* Build configuration list for PBXProject "Testing" */ = {
			isa = XCConfigurationList;
			buildConfigurations = (
				DAEEBB6D20DCED1E000F57A8 /* Debug */,
				DAEEBB6E20DCED1E000F57A8 /* Release */,
			);
			defaultConfigurationIsVisible = 0;
			defaultConfigurationName = Release;
		};
		DAEEBB6F20DCED1E000F57A8 /* Build configuration list for PBXNativeTarget "Testing" */ = {
			isa = XCConfigurationList;
			buildConfigurations = (
				DAEEBB7020DCED1E000F57A8 /* Debug */,
				DAEEBB7120DCED1E000F57A8 /* Release */,
			);
			defaultConfigurationIsVisible = 0;
			defaultConfigurationName = Release;
		};
		DAEEBB7220DCED1E000F57A8 /* Build configuration list for PBXNativeTarget "TestingTests" */ = {
			isa = XCConfigurationList;
			buildConfigurations = (
				DAEEBB7320DCED1E000F57A8 /* Debug */,
				DAEEBB7420DCED1E000F57A8 /* Release */,
			);
			defaultConfigurationIsVisible = 0;
			defaultConfigurationName = Release;
		};
		DAEEBB7520DCED1E000F57A8 /* Build configuration list for PBXNativeTarget "TestingUITests" */ = {
			isa = XCConfigurationList;
			buildConfigurations = (
				DAEEBB7620DCED1E000F57A8 /* Debug */,
				DAEEBB7720DCED1E000F57A8 /* Release */,
			);
			defaultConfigurationIsVisible = 0;
			defaultConfigurationName = Release;
		};
/* End XCConfigurationList section */
	};
	rootObject = DAEEBB3F20DCED14000F57A8 /* Project object */;
}
